
Microsoft Visual Studio Solution File, Format Version 12.00
# Visual Studio Version 16
VisualStudioVersion = 16.0.29920.165
MinimumVisualStudioVersion = 10.0.40219.1
Project("{FAE04EC0-301F-11D3-BF4B-00C04F79EFBC}") = "AppTasks.UWP", "AppTasks.UWP\AppTasks.UWP.csproj", "{4596ABA1-9AF9-486C-8ED3-3B33AFF07F0E}"
EndProject
Project("{FAE04EC0-301F-11D3-BF4B-00C04F79EFBC}") = "AppTasks.Android", "AppTasks.Android\AppTasks.Android.csproj", "{3BC18C52-5E96-4EFD-89E6-84DFDAC0EB91}"
EndProject
Project("{FAE04EC0-301F-11D3-BF4B-00C04F79EFBC}") = "AppTasks.iOS", "AppTasks.iOS\AppTasks.iOS.csproj", "{A10A75DC-7574-4EBD-B9F3-34DF0DF29AF6}"
EndProject
Project("{FAE04EC0-301F-11D3-BF4B-00C04F79EFBC}") = "AppTasks", "AppTasks\AppTasks.csproj", "{5C8247DB-A611-4A71-8D7F-110C1D357D70}"
EndProject
Global
	GlobalSection(SolutionConfigurationPlatforms) = preSolution
		Debug|Any CPU = Debug|Any CPU
		Debug|ARM = Debug|ARM
		Debug|iPhone = Debug|iPhone
		Debug|iPhoneSimulator = Debug|iPhoneSimulator
		Debug|x64 = Debug|x64
		Debug|x86 = Debug|x86
		Release|Any CPU = Release|Any CPU
		Release|ARM = Release|ARM
		Release|iPhone = Release|iPhone
		Release|iPhoneSimulator = Release|iPhoneSimulator
		Release|x64 = Release|x64
		Release|x86 = Release|x86
	EndGlobalSection
	GlobalSection(ProjectConfigurationPlatforms) = postSolution
		{4596ABA1-9AF9-486C-8ED3-3B33AFF07F0E}.Debug|Any CPU.ActiveCfg = Debug|x86
		{4596ABA1-9AF9-486C-8ED3-3B33AFF07F0E}.Debug|Any CPU.Build.0 = Debug|x86
		{4596ABA1-9AF9-486C-8ED3-3B33AFF07F0E}.Debug|Any CPU.Deploy.0 = Debug|x86
		{4596ABA1-9AF9-486C-8ED3-3B33AFF07F0E}.Debug|ARM.ActiveCfg = Debug|ARM
		{4596ABA1-9AF9-486C-8ED3-3B33AFF07F0E}.Debug|ARM.Build.0 = Debug|ARM
		{4596ABA1-9AF9-486C-8ED3-3B33AFF07F0E}.Debug|ARM.Deploy.0 = Debug|ARM
		{4596ABA1-9AF9-486C-8ED3-3B33AFF07F0E}.Debug|iPhone.ActiveCfg = Debug|x86
		{4596ABA1-9AF9-486C-8ED3-3B33AFF07F0E}.Debug|iPhone.Build.0 = Debug|x86
		{4596ABA1-9AF9-486C-8ED3-3B33AFF07F0E}.Debug|iPhone.Deploy.0 = Debug|x86
		{4596ABA1-9AF9-486C-8ED3-3B33AFF07F0E}.Debug|iPhoneSimulator.ActiveCfg = Debug|x86
		{4596ABA1-9AF9-486C-8ED3-3B33AFF07F0E}.Debug|iPhoneSimulator.Build.0 = Debug|x86
		{4596ABA1-9AF9-486C-8ED3-3B33AFF07F0E}.Debug|iPhoneSimulator.Deploy.0 = Debug|x86
		{4596ABA1-9AF9-486C-8ED3-3B33AFF07F0E}.Debug|x64.ActiveCfg = Debug|x64
		{4596ABA1-9AF9-486C-8ED3-3B33AFF07F0E}.Debug|x64.Build.0 = Debug|x64
		{4596ABA1-9AF9-486C-8ED3-3B33AFF07F0E}.Debug|x64.Deploy.0 = Debug|x64
		{4596ABA1-9AF9-486C-8ED3-3B33AFF07F0E}.Debug|x86.ActiveCfg = Debug|x86
		{4596ABA1-9AF9-486C-8ED3-3B33AFF07F0E}.Debug|x86.Build.0 = Debug|x86
		{4596ABA1-9AF9-486C-8ED3-3B33AFF07F0E}.Debug|x86.Deploy.0 = Debug|x86
		{4596ABA1-9AF9-486C-8ED3-3B33AFF07F0E}.Release|Any CPU.ActiveCfg = Release|x86
		{4596ABA1-9AF9-486C-8ED3-3B33AFF07F0E}.Release|Any CPU.Build.0 = Release|x86
		{4596ABA1-9AF9-486C-8ED3-3B33AFF07F0E}.Release|Any CPU.Deploy.0 = Release|x86
		{4596ABA1-9AF9-486C-8ED3-3B33AFF07F0E}.Release|ARM.ActiveCfg = Release|ARM
		{4596ABA1-9AF9-486C-8ED3-3B33AFF07F0E}.Release|ARM.Build.0 = Release|ARM
		{4596ABA1-9AF9-486C-8ED3-3B33AFF07F0E}.Release|ARM.Deploy.0 = Release|ARM
		{4596ABA1-9AF9-486C-8ED3-3B33AFF07F0E}.Release|iPhone.ActiveCfg = Release|x86
		{4596ABA1-9AF9-486C-8ED3-3B33AFF07F0E}.Release|iPhone.Build.0 = Release|x86
		{4596ABA1-9AF9-486C-8ED3-3B33AFF07F0E}.Release|iPhone.Deploy.0 = Release|x86
		{4596ABA1-9AF9-486C-8ED3-3B33AFF07F0E}.Release|iPhoneSimulator.ActiveCfg = Release|x86
		{4596ABA1-9AF9-486C-8ED3-3B33AFF07F0E}.Release|iPhoneSimulator.Build.0 = Release|x86
		{4596ABA1-9AF9-486C-8ED3-3B33AFF07F0E}.Release|iPhoneSimulator.Deploy.0 = Release|x86
		{4596ABA1-9AF9-486C-8ED3-3B33AFF07F0E}.Release|x64.ActiveCfg = Release|x64
		{4596ABA1-9AF9-486C-8ED3-3B33AFF07F0E}.Release|x64.Build.0 = Release|x64
		{4596ABA1-9AF9-486C-8ED3-3B33AFF07F0E}.Release|x64.Deploy.0 = Release|x64
		{4596ABA1-9AF9-486C-8ED3-3B33AFF07F0E}.Release|x86.ActiveCfg = Release|x86
		{4596ABA1-9AF9-486C-8ED3-3B33AFF07F0E}.Release|x86.Build.0 = Release|x86
		{4596ABA1-9AF9-486C-8ED3-3B33AFF07F0E}.Release|x86.Deploy.0 = Release|x86
		{3BC18C52-5E96-4EFD-89E6-84DFDAC0EB91}.Debug|Any CPU.ActiveCfg = Debug|Any CPU
		{3BC18C52-5E96-4EFD-89E6-84DFDAC0EB91}.Debug|Any CPU.Build.0 = Debug|Any CPU
		{3BC18C52-5E96-4EFD-89E6-84DFDAC0EB91}.Debug|Any CPU.Deploy.0 = Debug|Any CPU
		{3BC18C52-5E96-4EFD-89E6-84DFDAC0EB91}.Debug|ARM.ActiveCfg = Debug|Any CPU
		{3BC18C52-5E96-4EFD-89E6-84DFDAC0EB91}.Debug|ARM.Build.0 = Debug|Any CPU
		{3BC18C52-5E96-4EFD-89E6-84DFDAC0EB91}.Debug|ARM.Deploy.0 = Debug|Any CPU
		{3BC18C52-5E96-4EFD-89E6-84DFDAC0EB91}.Debug|iPhone.ActiveCfg = Debug|Any CPU
		{3BC18C52-5E96-4EFD-89E6-84DFDAC0EB91}.Debug|iPhone.Build.0 = Debug|Any CPU
		{3BC18C52-5E96-4EFD-89E6-84DFDAC0EB91}.Debug|iPhone.Deploy.0 = Debug|Any CPU
		{3BC18C52-5E96-4EFD-89E6-84DFDAC0EB91}.Debug|iPhoneSimulator.ActiveCfg = Debug|Any CPU
		{3BC18C52-5E96-4EFD-89E6-84DFDAC0EB91}.Debug|iPhoneSimulator.Build.0 = Debug|Any CPU
		{3BC18C52-5E96-4EFD-89E6-84DFDAC0EB91}.Debug|iPhoneSimulator.Deploy.0 = Debug|Any CPU
		{3BC18C52-5E96-4EFD-89E6-84DFDAC0EB91}.Debug|x64.ActiveCfg = Debug|Any CPU
		{3BC18C52-5E96-4EFD-89E6-84DFDAC0EB91}.Debug|x64.Build.0 = Debug|Any CPU
		{3BC18C52-5E96-4EFD-89E6-84DFDAC0EB91}.Debug|x64.Deploy.0 = Debug|Any CPU
		{3BC18C52-5E96-4EFD-89E6-84DFDAC0EB91}.Debug|x86.ActiveCfg = Debug|Any CPU
		{3BC18C52-5E96-4EFD-89E6-84DFDAC0EB91}.Debug|x86.Build.0 = Debug|Any CPU
		{3BC18C52-5E96-4EFD-89E6-84DFDAC0EB91}.Debug|x86.Deploy.0 = Debug|Any CPU
		{3BC18C52-5E96-4EFD-89E6-84DFDAC0EB91}.Release|Any CPU.ActiveCfg = Release|Any CPU
		{3BC18C52-5E96-4EFD-89E6-84DFDAC0EB91}.Release|Any CPU.Build.0 = Release|Any CPU
		{3BC18C52-5E96-4EFD-89E6-84DFDAC0EB91}.Release|Any CPU.Deploy.0 = Release|Any CPU
		{3BC18C52-5E96-4EFD-89E6-84DFDAC0EB91}.Release|ARM.ActiveCfg = Release|Any CPU
		{3BC18C52-5E96-4EFD-89E6-84DFDAC0EB91}.Release|ARM.Build.0 = Release|Any CPU
		{3BC18C52-5E96-4EFD-89E6-84DFDAC0EB91}.Release|ARM.Deploy.0 = Release|Any CPU
		{3BC18C52-5E96-4EFD-89E6-84DFDAC0EB91}.Release|iPhone.ActiveCfg = Release|Any CPU
		{3BC18C52-5E96-4EFD-89E6-84DFDAC0EB91}.Release|iPhone.Build.0 = Release|Any CPU
		{3BC18C52-5E96-4EFD-89E6-84DFDAC0EB91}.Release|iPhone.Deploy.0 = Release|Any CPU
		{3BC18C52-5E96-4EFD-89E6-84DFDAC0EB91}.Release|iPhoneSimulator.ActiveCfg = Release|Any CPU
		{3BC18C52-5E96-4EFD-89E6-84DFDAC0EB91}.Release|iPhoneSimulator.Build.0 = Release|Any CPU
		{3BC18C52-5E96-4EFD-89E6-84DFDAC0EB91}.Release|iPhoneSimulator.Deploy.0 = Release|Any CPU
		{3BC18C52-5E96-4EFD-89E6-84DFDAC0EB91}.Release|x64.ActiveCfg = Release|Any CPU
		{3BC18C52-5E96-4EFD-89E6-84DFDAC0EB91}.Release|x64.Build.0 = Release|Any CPU
		{3BC18C52-5E96-4EFD-89E6-84DFDAC0EB91}.Release|x64.Deploy.0 = Release|Any CPU
		{3BC18C52-5E96-4EFD-89E6-84DFDAC0EB91}.Release|x86.ActiveCfg = Release|Any CPU
		{3BC18C52-5E96-4EFD-89E6-84DFDAC0EB91}.Release|x86.Build.0 = Release|Any CPU
		{3BC18C52-5E96-4EFD-89E6-84DFDAC0EB91}.Release|x86.Deploy.0 = Release|Any CPU
		{A10A75DC-7574-4EBD-B9F3-34DF0DF29AF6}.Debug|Any CPU.ActiveCfg = Debug|iPhone
		{A10A75DC-7574-4EBD-B9F3-34DF0DF29AF6}.Debug|Any CPU.Build.0 = Debug|iPhone
		{A10A75DC-7574-4EBD-B9F3-34DF0DF29AF6}.Debug|Any CPU.Deploy.0 = Debug|iPhone
		{A10A75DC-7574-4EBD-B9F3-34DF0DF29AF6}.Debug|ARM.ActiveCfg = Debug|iPhone
		{A10A75DC-7574-4EBD-B9F3-34DF0DF29AF6}.Debug|ARM.Build.0 = Debug|iPhone
		{A10A75DC-7574-4EBD-B9F3-34DF0DF29AF6}.Debug|ARM.Deploy.0 = Debug|iPhone
		{A10A75DC-7574-4EBD-B9F3-34DF0DF29AF6}.Debug|iPhone.ActiveCfg = Debug|iPhone
		{A10A75DC-7574-4EBD-B9F3-34DF0DF29AF6}.Debug|iPhone.Build.0 = Debug|iPhone
		{A10A75DC-7574-4EBD-B9F3-34DF0DF29AF6}.Debug|iPhone.Deploy.0 = Debug|iPhone
		{A10A75DC-7574-4EBD-B9F3-34DF0DF29AF6}.Debug|iPhoneSimulator.ActiveCfg = Debug|iPhoneSimulator
		{A10A75DC-7574-4EBD-B9F3-34DF0DF29AF6}.Debug|iPhoneSimulator.Build.0 = Debug|iPhoneSimulator
		{A10A75DC-7574-4EBD-B9F3-34DF0DF29AF6}.Debug|iPhoneSimulator.Deploy.0 = Debug|iPhoneSimulator
		{A10A75DC-7574-4EBD-B9F3-34DF0DF29AF6}.Debug|x64.ActiveCfg = Debug|iPhone
		{A10A75DC-7574-4EBD-B9F3-34DF0DF29AF6}.Debug|x64.Build.0 = Debug|iPhone
		{A10A75DC-7574-4EBD-B9F3-34DF0DF29AF6}.Debug|x64.Deploy.0 = Debug|iPhone
		{A10A75DC-7574-4EBD-B9F3-34DF0DF29AF6}.Debug|x86.ActiveCfg = Debug|iPhone
		{A10A75DC-7574-4EBD-B9F3-34DF0DF29AF6}.Debug|x86.Build.0 = Debug|iPhone
		{A10A75DC-7574-4EBD-B9F3-34DF0DF29AF6}.Debug|x86.Deploy.0 = Debug|iPhone
		{A10A75DC-7574-4EBD-B9F3-34DF0DF29AF6}.Release|Any CPU.ActiveCfg = Release|iPhone
		{A10A75DC-7574-4EBD-B9F3-34DF0DF29AF6}.Release|Any CPU.Build.0 = Release|iPhone
		{A10A75DC-7574-4EBD-B9F3-34DF0DF29AF6}.Release|Any CPU.Deploy.0 = Release|iPhone
		{A10A75DC-7574-4EBD-B9F3-34DF0DF29AF6}.Release|ARM.ActiveCfg = Release|iPhone
		{A10A75DC-7574-4EBD-B9F3-34DF0DF29AF6}.Release|ARM.Build.0 = Release|iPhone
		{A10A75DC-7574-4EBD-B9F3-34DF0DF29AF6}.Release|ARM.Deploy.0 = Release|iPhone
		{A10A75DC-7574-4EBD-B9F3-34DF0DF29AF6}.Release|iPhone.ActiveCfg = Release|iPhone
		{A10A75DC-7574-4EBD-B9F3-34DF0DF29AF6}.Release|iPhone.Build.0 = Release|iPhone
		{A10A75DC-7574-4EBD-B9F3-34DF0DF29AF6}.Release|iPhone.Deploy.0 = Release|iPhone
		{A10A75DC-7574-4EBD-B9F3-34DF0DF29AF6}.Release|iPhoneSimulator.ActiveCfg = Release|iPhoneSimulator
		{A10A75DC-7574-4EBD-B9F3-34DF0DF29AF6}.Release|iPhoneSimulator.Build.0 = Release|iPhoneSimulator
		{A10A75DC-7574-4EBD-B9F3-34DF0DF29AF6}.Release|iPhoneSimulator.Deploy.0 = Release|iPhoneSimulator
		{A10A75DC-7574-4EBD-B9F3-34DF0DF29AF6}.Release|x64.ActiveCfg = Release|iPhone
		{A10A75DC-7574-4EBD-B9F3-34DF0DF29AF6}.Release|x64.Build.0 = Release|iPhone
		{A10A75DC-7574-4EBD-B9F3-34DF0DF29AF6}.Release|x64.Deploy.0 = Release|iPhone
		{A10A75DC-7574-4EBD-B9F3-34DF0DF29AF6}.Release|x86.ActiveCfg = Release|iPhone
		{A10A75DC-7574-4EBD-B9F3-34DF0DF29AF6}.Release|x86.Build.0 = Release|iPhone
		{A10A75DC-7574-4EBD-B9F3-34DF0DF29AF6}.Release|x86.Deploy.0 = Release|iPhone
		{5C8247DB-A611-4A71-8D7F-110C1D357D70}.Debug|Any CPU.ActiveCfg = Debug|Any CPU
		{5C8247DB-A611-4A71-8D7F-110C1D357D70}.Debug|Any CPU.Build.0 = Debug|Any CPU
		{5C8247DB-A611-4A71-8D7F-110C1D357D70}.Debug|Any CPU.Deploy.0 = Debug|Any CPU
		{5C8247DB-A611-4A71-8D7F-110C1D357D70}.Debug|ARM.ActiveCfg = Debug|Any CPU
		{5C8247DB-A611-4A71-8D7F-110C1D357D70}.Debug|ARM.Build.0 = Debug|Any CPU
		{5C8247DB-A611-4A71-8D7F-110C1D357D70}.Debug|ARM.Deploy.0 = Debug|Any CPU
		{5C8247DB-A611-4A71-8D7F-110C1D357D70}.Debug|iPhone.ActiveCfg = Debug|Any CPU
		{5C8247DB-A611-4A71-8D7F-110C1D357D70}.Debug|iPhone.Build.0 = Debug|Any CPU
		{5C8247DB-A611-4A71-8D7F-110C1D357D70}.Debug|iPhone.Deploy.0 = Debug|Any CPU
		{5C8247DB-A611-4A71-8D7F-110C1D357D70}.Debug|iPhoneSimulator.ActiveCfg = Debug|Any CPU
		{5C8247DB-A611-4A71-8D7F-110C1D357D70}.Debug|iPhoneSimulator.Build.0 = Debug|Any CPU
		{5C8247DB-A611-4A71-8D7F-110C1D357D70}.Debug|iPhoneSimulator.Deploy.0 = Debug|Any CPU
		{5C8247DB-A611-4A71-8D7F-110C1D357D70}.Debug|x64.ActiveCfg = Debug|Any CPU
		{5C8247DB-A611-4A71-8D7F-110C1D357D70}.Debug|x64.Build.0 = Debug|Any CPU
		{5C8247DB-A611-4A71-8D7F-110C1D357D70}.Debug|x64.Deploy.0 = Debug|Any CPU
		{5C8247DB-A611-4A71-8D7F-110C1D357D70}.Debug|x86.ActiveCfg = Debug|Any CPU
		{5C8247DB-A611-4A71-8D7F-110C1D357D70}.Debug|x86.Build.0 = Debug|Any CPU
		{5C8247DB-A611-4A71-8D7F-110C1D357D70}.Debug|x86.Deploy.0 = Debug|Any CPU
		{5C8247DB-A611-4A71-8D7F-110C1D357D70}.Release|Any CPU.ActiveCfg = Release|Any CPU
		{5C8247DB-A611-4A71-8D7F-110C1D357D70}.Release|Any CPU.Build.0 = Release|Any CPU
		{5C8247DB-A611-4A71-8D7F-110C1D357D70}.Release|Any CPU.Deploy.0 = Release|Any CPU
		{5C8247DB-A611-4A71-8D7F-110C1D357D70}.Release|ARM.ActiveCfg = Release|Any CPU
		{5C8247DB-A611-4A71-8D7F-110C1D357D70}.Release|ARM.Build.0 = Release|Any CPU
		{5C8247DB-A611-4A71-8D7F-110C1D357D70}.Release|ARM.Deploy.0 = Release|Any CPU
		{5C8247DB-A611-4A71-8D7F-110C1D357D70}.Release|iPhone.ActiveCfg = Release|Any CPU
		{5C8247DB-A611-4A71-8D7F-110C1D357D70}.Release|iPhone.Build.0 = Release|Any CPU
		{5C8247DB-A611-4A71-8D7F-110C1D357D70}.Release|iPhone.Deploy.0 = Release|Any CPU
		{5C8247DB-A611-4A71-8D7F-110C1D357D70}.Release|iPhoneSimulator.ActiveCfg = Release|Any CPU
		{5C8247DB-A611-4A71-8D7F-110C1D357D70}.Release|iPhoneSimulator.Build.0 = Release|Any CPU
		{5C8247DB-A611-4A71-8D7F-110C1D357D70}.Release|iPhoneSimulator.Deploy.0 = Release|Any CPU
		{5C8247DB-A611-4A71-8D7F-110C1D357D70}.Release|x64.ActiveCfg = Release|Any CPU
		{5C8247DB-A611-4A71-8D7F-110C1D357D70}.Release|x64.Build.0 = Release|Any CPU
		{5C8247DB-A611-4A71-8D7F-110C1D357D70}.Release|x64.Deploy.0 = Release|Any CPU
		{5C8247DB-A611-4A71-8D7F-110C1D357D70}.Release|x86.ActiveCfg = Release|Any CPU
		{5C8247DB-A611-4A71-8D7F-110C1D357D70}.Release|x86.Build.0 = Release|Any CPU
		{5C8247DB-A611-4A71-8D7F-110C1D357D70}.Release|x86.Deploy.0 = Release|Any CPU
	EndGlobalSection
	GlobalSection(SolutionProperties) = preSolution
		HideSolutionNode = FALSE
	EndGlobalSection
	GlobalSection(ExtensibilityGlobals) = postSolution
		SolutionGuid = {054CEF7A-B1D4-4AF3-AA96-A06E2B03F775}
	EndGlobalSection
EndGlobal
